
Microsoft Visual Studio Solution File, Format Version 12.00
# Visual Studio Express 2012 for Windows Desktop
Project("{FAE04EC0-301F-11D3-BF4B-00C04F79EFBC}") = "pregunta6", "pregunta6\pregunta6.csproj", "{D5F30133-0E4B-4626-A759-9A41BDFF5B75}"
EndProject
Global
	GlobalSection(SolutionConfigurationPlatforms) = preSolution
		Debug|Any CPU = Debug|Any CPU
		Release|Any CPU = Release|Any CPU
	EndGlobalSection
	GlobalSection(ProjectConfigurationPlatforms) = postSolution
		{D5F30133-0E4B-4626-A759-9A41BDFF5B75}.Debug|Any CPU.ActiveCfg = Debug|Any CPU
		{D5F30133-0E4B-4626-A759-9A41BDFF5B75}.Debug|Any CPU.Build.0 = Debug|Any CPU
		{D5F30133-0E4B-4626-A759-9A41BDFF5B75}.Release|Any CPU.ActiveCfg = Release|Any CPU
		{D5F30133-0E4B-4626-A759-9A41BDFF5B75}.Release|Any CPU.Build.0 = Release|Any CPU
	EndGlobalSection
	GlobalSection(SolutionProperties) = preSolution
		HideSolutionNode = FALSE
	EndGlobalSection
EndGlobal
